
Microsoft Visual Studio Solution File, Format Version 12.00
# Visual Studio Version 17
VisualStudioVersion = 17.14.36414.22 d17.14
MinimumVisualStudioVersion = 10.0.40219.1
Project("{FAE04EC0-301F-11D3-BF4B-00C04F79EFBC}") = "PeripheralsAPI_Assignment_6", "PeripheralsAPI_Assignment_6\PeripheralsAPI_Assignment_6.csproj", "{6CFDB4F0-BD91-4508-9F8A-58FC39A583DB}"
EndProject
Global
	GlobalSection(SolutionConfigurationPlatforms) = preSolution
		Debug|Any CPU = Debug|Any CPU
		Release|Any CPU = Release|Any CPU
	EndGlobalSection
	GlobalSection(ProjectConfigurationPlatforms) = postSolution
		{6CFDB4F0-BD91-4508-9F8A-58FC39A583DB}.Debug|Any CPU.ActiveCfg = Debug|Any CPU
		{6CFDB4F0-BD91-4508-9F8A-58FC39A583DB}.Debug|Any CPU.Build.0 = Debug|Any CPU
		{6CFDB4F0-BD91-4508-9F8A-58FC39A583DB}.Release|Any CPU.ActiveCfg = Release|Any CPU
		{6CFDB4F0-BD91-4508-9F8A-58FC39A583DB}.Release|Any CPU.Build.0 = Release|Any CPU
	EndGlobalSection
	GlobalSection(SolutionProperties) = preSolution
		HideSolutionNode = FALSE
	EndGlobalSection
	GlobalSection(ExtensibilityGlobals) = postSolution
		SolutionGuid = {92D4E4E3-6391-4890-8C44-16E41C2A301A}
	EndGlobalSection
EndGlobal
